// !$*UTF8*$!
{
	archiveVersion = 1;
	classes = {
	};
	objectVersion = 77;
	objects = {

/* Begin PBXBuildFile section */
		9C4A34282E252AE900CA5157 /* MainTabView.swift in Sources */ = {isa = PBXBuildFile; fileRef = 9C4A34272E252AE900CA5157 /* MainTabView.swift */; };
		9C4A342C2E252B6600CA5157 /* HomeView.swift in Sources */ = {isa = PBXBuildFile; fileRef = 9C4A342B2E252B6600CA5157 /* HomeView.swift */; };
		9C4A342E2E252B7000CA5157 /* SettingsView.swift in Sources */ = {isa = PBXBuildFile; fileRef = 9C4A342D2E252B7000CA5157 /* SettingsView.swift */; };
		9C4A34312E252C1E00CA5157 /* FavoritesView.swift in Sources */ = {isa = PBXBuildFile; fileRef = 9C4A34302E252C1E00CA5157 /* FavoritesView.swift */; };
		9C82102A2E252788000CBC6B /* WallRiseApp.swift in Sources */ = {isa = PBXBuildFile; fileRef = 9C8210272E252788000CBC6B /* WallRiseApp.swift */; };
		9C82102B2E252788000CBC6B /* Preview Assets.xcassets in Resources */ = {isa = PBXBuildFile; fileRef = 9C8210232E252788000CBC6B /* Preview Assets.xcassets */; };
		9C82102C2E252788000CBC6B /* Assets.xcassets in Resources */ = {isa = PBXBuildFile; fileRef = 9C8210252E252788000CBC6B /* Assets.xcassets */; };
/* End PBXBuildFile section */

/* Begin PBXFileReference section */
		9C4A34272E252AE900CA5157 /* MainTabView.swift */ = {isa = PBXFileReference; lastKnownFileType = sourcecode.swift; path = MainTabView.swift; sourceTree = "<group>"; };
		9C4A342B2E252B6600CA5157 /* HomeView.swift */ = {isa = PBXFileReference; lastKnownFileType = sourcecode.swift; path = HomeView.swift; sourceTree = "<group>"; };
		9C4A342D2E252B7000CA5157 /* SettingsView.swift */ = {isa = PBXFileReference; lastKnownFileType = sourcecode.swift; path = SettingsView.swift; sourceTree = "<group>"; };
		9C4A34302E252C1E00CA5157 /* FavoritesView.swift */ = {isa = PBXFileReference; lastKnownFileType = sourcecode.swift; path = FavoritesView.swift; sourceTree = "<group>"; };
		9C8210232E252788000CBC6B /* Preview Assets.xcassets */ = {isa = PBXFileReference; lastKnownFileType = folder.assetcatalog; path = "Preview Assets.xcassets"; sourceTree = "<group>"; };
		9C8210252E252788000CBC6B /* Assets.xcassets */ = {isa = PBXFileReference; lastKnownFileType = folder.assetcatalog; path = Assets.xcassets; sourceTree = "<group>"; };
		9C8210272E252788000CBC6B /* WallRiseApp.swift */ = {isa = PBXFileReference; lastKnownFileType = sourcecode.swift; path = WallRiseApp.swift; sourceTree = "<group>"; };
		9C9733462E251EC40081053B /* WallRise.app */ = {isa = PBXFileReference; explicitFileType = wrapper.application; includeInIndex = 0; path = WallRise.app; sourceTree = BUILT_PRODUCTS_DIR; };
/* End PBXFileReference section */

/* Begin PBXFrameworksBuildPhase section */
		9C9733432E251EC40081053B /* Frameworks */ = {
			isa = PBXFrameworksBuildPhase;
			buildActionMask = 2147483647;
			files = (
			);
			runOnlyForDeploymentPostprocessing = 0;
		};
/* End PBXFrameworksBuildPhase section */

/* Begin PBXGroup section */
		9C4A34242E252AC700CA5157 /* MainTabView */ = {
			isa = PBXGroup;
			children = (
				9C4A34272E252AE900CA5157 /* MainTabView.swift */,
			);
			path = MainTabView;
			sourceTree = "<group>";
		};
		9C4A34292E252B3B00CA5157 /* Home */ = {
			isa = PBXGroup;
			children = (
				9C4A342B2E252B6600CA5157 /* HomeView.swift */,
			);
			path = Home;
			sourceTree = "<group>";
		};
		9C4A342A2E252B4800CA5157 /* Settings */ = {
			isa = PBXGroup;
			children = (
				9C4A342D2E252B7000CA5157 /* SettingsView.swift */,
			);
			path = Settings;
			sourceTree = "<group>";
		};
		9C4A342F2E252C1300CA5157 /* Favorites */ = {
			isa = PBXGroup;
			children = (
				9C4A34302E252C1E00CA5157 /* FavoritesView.swift */,
			);
			path = Favorites;
			sourceTree = "<group>";
		};
		9C8210242E252788000CBC6B /* Preview Content */ = {
			isa = PBXGroup;
			children = (
				9C8210232E252788000CBC6B /* Preview Assets.xcassets */,
			);
			path = "Preview Content";
			sourceTree = "<group>";
		};
		9C8210282E252788000CBC6B /* WallRise */ = {
			isa = PBXGroup;
			children = (
				9C82102D2E25278C000CBC6B /* App */,
				9C8210312E2527D0000CBC6B /* Core */,
			);
			path = WallRise;
			sourceTree = "<group>";
		};
		9C82102D2E25278C000CBC6B /* App */ = {
			isa = PBXGroup;
			children = (
				9C8210322E25285C000CBC6B /* Launch */,
				9C82102F2E2527A2000CBC6B /* Resources */,
			);
			path = App;
			sourceTree = "<group>";
		};
		9C82102F2E2527A2000CBC6B /* Resources */ = {
			isa = PBXGroup;
			children = (
				9C8210302E2527AF000CBC6B /* Assets */,
			);
			path = Resources;
			sourceTree = "<group>";
		};
		9C8210302E2527AF000CBC6B /* Assets */ = {
			isa = PBXGroup;
			children = (
				9C8210252E252788000CBC6B /* Assets.xcassets */,
				9C8210242E252788000CBC6B /* Preview Content */,
			);
			path = Assets;
			sourceTree = "<group>";
		};
		9C8210312E2527D0000CBC6B /* Core */ = {
			isa = PBXGroup;
			children = (
				9C4A342F2E252C1300CA5157 /* Favorites */,
				9C4A342A2E252B4800CA5157 /* Settings */,
				9C4A34292E252B3B00CA5157 /* Home */,
				9C4A34242E252AC700CA5157 /* MainTabView */,
			);
			path = Core;
			sourceTree = "<group>";
		};
		9C8210322E25285C000CBC6B /* Launch */ = {
			isa = PBXGroup;
			children = (
				9C8210272E252788000CBC6B /* WallRiseApp.swift */,
			);
			path = Launch;
			sourceTree = "<group>";
		};
		9C97333D2E251EC40081053B = {
			isa = PBXGroup;
			children = (
				9C8210282E252788000CBC6B /* WallRise */,
				9C9733472E251EC40081053B /* Products */,
			);
			sourceTree = "<group>";
		};
		9C9733472E251EC40081053B /* Products */ = {
			isa = PBXGroup;
			children = (
				9C9733462E251EC40081053B /* WallRise.app */,
			);
			name = Products;
			sourceTree = "<group>";
		};
/* End PBXGroup section */

/* Begin PBXNativeTarget section */
		9C9733452E251EC40081053B /* WallRise */ = {
			isa = PBXNativeTarget;
			buildConfigurationList = 9C9733542E251EC50081053B /* Build configuration list for PBXNativeTarget "WallRise" */;
			buildPhases = (
				9C9733422E251EC40081053B /* Sources */,
				9C9733432E251EC40081053B /* Frameworks */,
				9C9733442E251EC40081053B /* Resources */,
			);
			buildRules = (
			);
			dependencies = (
			);
			name = WallRise;
			packageProductDependencies = (
			);
			productName = WallRise;
			productReference = 9C9733462E251EC40081053B /* WallRise.app */;
			productType = "com.apple.product-type.application";
		};
/* End PBXNativeTarget section */

/* Begin PBXProject section */
		9C97333E2E251EC40081053B /* Project object */ = {
			isa = PBXProject;
			attributes = {
				BuildIndependentTargetsInParallel = 1;
				LastSwiftUpdateCheck = 1620;
				LastUpgradeCheck = 2600;
				TargetAttributes = {
					9C9733452E251EC40081053B = {
						CreatedOnToolsVersion = 16.2;
					};
				};
			};
			buildConfigurationList = 9C9733412E251EC40081053B /* Build configuration list for PBXProject "WallRise" */;
			developmentRegion = en;
			hasScannedForEncodings = 0;
			knownRegions = (
				en,
				Base,
			);
			mainGroup = 9C97333D2E251EC40081053B;
			minimizedProjectReferenceProxies = 1;
			preferredProjectObjectVersion = 77;
			productRefGroup = 9C9733472E251EC40081053B /* Products */;
			projectDirPath = "";
			projectRoot = "";
			targets = (
				9C9733452E251EC40081053B /* WallRise */,
			);
		};
/* End PBXProject section */

/* Begin PBXResourcesBuildPhase section */
		9C9733442E251EC40081053B /* Resources */ = {
			isa = PBXResourcesBuildPhase;
			buildActionMask = 2147483647;
			files = (
				9C82102B2E252788000CBC6B /* Preview Assets.xcassets in Resources */,
				9C82102C2E252788000CBC6B /* Assets.xcassets in Resources */,
			);
			runOnlyForDeploymentPostprocessing = 0;
		};
/* End PBXResourcesBuildPhase section */

/* Begin PBXSourcesBuildPhase section */
		9C9733422E251EC40081053B /* Sources */ = {
			isa = PBXSourcesBuildPhase;
			buildActionMask = 2147483647;
			files = (
				9C4A34312E252C1E00CA5157 /* FavoritesView.swift in Sources */,
				9C4A342C2E252B6600CA5157 /* HomeView.swift in Sources */,
				9C4A342E2E252B7000CA5157 /* SettingsView.swift in Sources */,
				9C4A34282E252AE900CA5157 /* MainTabView.swift in Sources */,
				9C82102A2E252788000CBC6B /* WallRiseApp.swift in Sources */,
			);
			runOnlyForDeploymentPostprocessing = 0;
		};
/* End PBXSourcesBuildPhase section */

/* Begin XCBuildConfiguration section */
		9C9733522E251EC50081053B /* Debug */ = {
			isa = XCBuildConfiguration;
			buildSettings = {
				ALWAYS_SEARCH_USER_PATHS = NO;
				ASSETCATALOG_COMPILER_GENERATE_SWIFT_ASSET_SYMBOL_EXTENSIONS = YES;
				CLANG_ANALYZER_NONNULL = YES;
				CLANG_ANALYZER_NUMBER_OBJECT_CONVERSION = YES_AGGRESSIVE;
				CLANG_CXX_LANGUAGE_STANDARD = "gnu++20";
				CLANG_ENABLE_MODULES = YES;
				CLANG_ENABLE_OBJC_ARC = YES;
				CLANG_ENABLE_OBJC_WEAK = YES;
				CLANG_WARN_BLOCK_CAPTURE_AUTORELEASING = YES;
				CLANG_WARN_BOOL_CONVERSION = YES;
				CLANG_WARN_COMMA = YES;
				CLANG_WARN_CONSTANT_CONVERSION = YES;
				CLANG_WARN_DEPRECATED_OBJC_IMPLEMENTATIONS = YES;
				CLANG_WARN_DIRECT_OBJC_ISA_USAGE = YES_ERROR;
				CLANG_WARN_DOCUMENTATION_COMMENTS = YES;
				CLANG_WARN_EMPTY_BODY = YES;
				CLANG_WARN_ENUM_CONVERSION = YES;
				CLANG_WARN_INFINITE_RECURSION = YES;
				CLANG_WARN_INT_CONVERSION = YES;
				CLANG_WARN_NON_LITERAL_NULL_CONVERSION = YES;
				CLANG_WARN_OBJC_IMPLICIT_RETAIN_SELF = YES;
				CLANG_WARN_OBJC_LITERAL_CONVERSION = YES;
				CLANG_WARN_OBJC_ROOT_CLASS = YES_ERROR;
				CLANG_WARN_QUOTED_INCLUDE_IN_FRAMEWORK_HEADER = YES;
				CLANG_WARN_RANGE_LOOP_ANALYSIS = YES;
				CLANG_WARN_STRICT_PROTOTYPES = YES;
				CLANG_WARN_SUSPICIOUS_MOVE = YES;
				CLANG_WARN_UNGUARDED_AVAILABILITY = YES_AGGRESSIVE;
				CLANG_WARN_UNREACHABLE_CODE = YES;
				CLANG_WARN__DUPLICATE_METHOD_MATCH = YES;
				COPY_PHASE_STRIP = NO;
				DEBUG_INFORMATION_FORMAT = dwarf;
				ENABLE_STRICT_OBJC_MSGSEND = YES;
				ENABLE_TESTABILITY = YES;
				ENABLE_USER_SCRIPT_SANDBOXING = YES;
				GCC_C_LANGUAGE_STANDARD = gnu17;
				GCC_DYNAMIC_NO_PIC = NO;
				GCC_NO_COMMON_BLOCKS = YES;
				GCC_OPTIMIZATION_LEVEL = 0;
				GCC_PREPROCESSOR_DEFINITIONS = (
					"DEBUG=1",
					"$(inherited)",
				);
				GCC_WARN_64_TO_32_BIT_CONVERSION = YES;
				GCC_WARN_ABOUT_RETURN_TYPE = YES_ERROR;
				GCC_WARN_UNDECLARED_SELECTOR = YES;
				GCC_WARN_UNINITIALIZED_AUTOS = YES_AGGRESSIVE;
				GCC_WARN_UNUSED_FUNCTION = YES;
				GCC_WARN_UNUSED_VARIABLE = YES;
				IPHONEOS_DEPLOYMENT_TARGET = 18.2;
				LOCALIZATION_PREFERS_STRING_CATALOGS = YES;
				MTL_ENABLE_DEBUG_INFO = INCLUDE_SOURCE;
				MTL_FAST_MATH = YES;
				ONLY_ACTIVE_ARCH = YES;
				SDKROOT = iphoneos;
				STRING_CATALOG_GENERATE_SYMBOLS = YES;
				SWIFT_ACTIVE_COMPILATION_CONDITIONS = "DEBUG $(inherited)";
				SWIFT_OPTIMIZATION_LEVEL = "-Onone";
			};
			name = Debug;
		};
		9C9733532E251EC50081053B /* Release */ = {
			isa = XCBuildConfiguration;
			buildSettings = {
				ALWAYS_SEARCH_USER_PATHS = NO;
				ASSETCATALOG_COMPILER_GENERATE_SWIFT_ASSET_SYMBOL_EXTENSIONS = YES;
				CLANG_ANALYZER_NONNULL = YES;
				CLANG_ANALYZER_NUMBER_OBJECT_CONVERSION = YES_AGGRESSIVE;
				CLANG_CXX_LANGUAGE_STANDARD = "gnu++20";
				CLANG_ENABLE_MODULES = YES;
				CLANG_ENABLE_OBJC_ARC = YES;
				CLANG_ENABLE_OBJC_WEAK = YES;
				CLANG_WARN_BLOCK_CAPTURE_AUTORELEASING = YES;
				CLANG_WARN_BOOL_CONVERSION = YES;
				CLANG_WARN_COMMA = YES;
				CLANG_WARN_CONSTANT_CONVERSION = YES;
				CLANG_WARN_DEPRECATED_OBJC_IMPLEMENTATIONS = YES;
				CLANG_WARN_DIRECT_OBJC_ISA_USAGE = YES_ERROR;
				CLANG_WARN_DOCUMENTATION_COMMENTS = YES;
				CLANG_WARN_EMPTY_BODY = YES;
				CLANG_WARN_ENUM_CONVERSION = YES;
				CLANG_WARN_INFINITE_RECURSION = YES;
				CLANG_WARN_INT_CONVERSION = YES;
				CLANG_WARN_NON_LITERAL_NULL_CONVERSION = YES;
				CLANG_WARN_OBJC_IMPLICIT_RETAIN_SELF = YES;
				CLANG_WARN_OBJC_LITERAL_CONVERSION = YES;
				CLANG_WARN_OBJC_ROOT_CLASS = YES_ERROR;
				CLANG_WARN_QUOTED_INCLUDE_IN_FRAMEWORK_HEADER = YES;
				CLANG_WARN_RANGE_LOOP_ANALYSIS = YES;
				CLANG_WARN_STRICT_PROTOTYPES = YES;
				CLANG_WARN_SUSPICIOUS_MOVE = YES;
				CLANG_WARN_UNGUARDED_AVAILABILITY = YES_AGGRESSIVE;
				CLANG_WARN_UNREACHABLE_CODE = YES;
				CLANG_WARN__DUPLICATE_METHOD_MATCH = YES;
				COPY_PHASE_STRIP = NO;
				DEBUG_INFORMATION_FORMAT = "dwarf-with-dsym";
				ENABLE_NS_ASSERTIONS = NO;
				ENABLE_STRICT_OBJC_MSGSEND = YES;
				ENABLE_USER_SCRIPT_SANDBOXING = YES;
				GCC_C_LANGUAGE_STANDARD = gnu17;
				GCC_NO_COMMON_BLOCKS = YES;
				GCC_WARN_64_TO_32_BIT_CONVERSION = YES;
				GCC_WARN_ABOUT_RETURN_TYPE = YES_ERROR;
				GCC_WARN_UNDECLARED_SELECTOR = YES;
				GCC_WARN_UNINITIALIZED_AUTOS = YES_AGGRESSIVE;
				GCC_WARN_UNUSED_FUNCTION = YES;
				GCC_WARN_UNUSED_VARIABLE = YES;
				IPHONEOS_DEPLOYMENT_TARGET = 18.2;
				LOCALIZATION_PREFERS_STRING_CATALOGS = YES;
				MTL_ENABLE_DEBUG_INFO = NO;
				MTL_FAST_MATH = YES;
				SDKROOT = iphoneos;
				STRING_CATALOG_GENERATE_SYMBOLS = YES;
				SWIFT_COMPILATION_MODE = wholemodule;
				VALIDATE_PRODUCT = YES;
			};
			name = Release;
		};
		9C9733552E251EC50081053B /* Debug */ = {
			isa = XCBuildConfiguration;
			buildSettings = {
				ASSETCATALOG_COMPILER_APPICON_NAME = AppIcon;
				ASSETCATALOG_COMPILER_GLOBAL_ACCENT_COLOR_NAME = AccentColor;
				CODE_SIGN_STYLE = Automatic;
				CURRENT_PROJECT_VERSION = 1;
				DEVELOPMENT_ASSET_PATHS = "\"WallRise/App/Resources/Assets/Preview Content\"";
				ENABLE_PREVIEWS = YES;
				GENERATE_INFOPLIST_FILE = YES;
				INFOPLIST_KEY_UIApplicationSceneManifest_Generation = YES;
				INFOPLIST_KEY_UIApplicationSupportsIndirectInputEvents = YES;
				INFOPLIST_KEY_UILaunchScreen_Generation = YES;
				INFOPLIST_KEY_UIStatusBarHidden = NO;
				INFOPLIST_KEY_UIStatusBarStyle = "";
				INFOPLIST_KEY_UISupportedInterfaceOrientations = UIInterfaceOrientationPortrait;
				INFOPLIST_KEY_UISupportedInterfaceOrientations_iPad = "UIInterfaceOrientationLandscapeLeft UIInterfaceOrientationLandscapeRight UIInterfaceOrientationPortrait UIInterfaceOrientationPortraitUpsideDown";
				LD_RUNPATH_SEARCH_PATHS = (
					"$(inherited)",
					"@executable_path/Frameworks",
				);
				MARKETING_VERSION = 1.0;
				PRODUCT_BUNDLE_IDENTIFIER = com.vahanmuradyan.WallRise;
				PRODUCT_NAME = "$(TARGET_NAME)";
				SUPPORTED_PLATFORMS = "iphoneos iphonesimulator";
				SUPPORTS_MACCATALYST = NO;
				SUPPORTS_MAC_DESIGNED_FOR_IPHONE_IPAD = NO;
				SUPPORTS_XR_DESIGNED_FOR_IPHONE_IPAD = NO;
				SWIFT_EMIT_LOC_STRINGS = YES;
				SWIFT_VERSION = 5.0;
				TARGETED_DEVICE_FAMILY = 1;
			};
			name = Debug;
		};
		9C9733562E251EC50081053B /* Release */ = {
			isa = XCBuildConfiguration;
			buildSettings = {
				ASSETCATALOG_COMPILER_APPICON_NAME = AppIcon;
				ASSETCATALOG_COMPILER_GLOBAL_ACCENT_COLOR_NAME = AccentColor;
				CODE_SIGN_STYLE = Automatic;
				CURRENT_PROJECT_VERSION = 1;
				DEVELOPMENT_ASSET_PATHS = "\"WallRise/App/Resources/Assets/Preview Content\"";
				ENABLE_PREVIEWS = YES;
				GENERATE_INFOPLIST_FILE = YES;
				INFOPLIST_KEY_UIApplicationSceneManifest_Generation = YES;
				INFOPLIST_KEY_UIApplicationSupportsIndirectInputEvents = YES;
				INFOPLIST_KEY_UILaunchScreen_Generation = YES;
				INFOPLIST_KEY_UIStatusBarHidden = NO;
				INFOPLIST_KEY_UIStatusBarStyle = "";
				INFOPLIST_KEY_UISupportedInterfaceOrientations = UIInterfaceOrientationPortrait;
				INFOPLIST_KEY_UISupportedInterfaceOrientations_iPad = "UIInterfaceOrientationLandscapeLeft UIInterfaceOrientationLandscapeRight UIInterfaceOrientationPortrait UIInterfaceOrientationPortraitUpsideDown";
				LD_RUNPATH_SEARCH_PATHS = (
					"$(inherited)",
					"@executable_path/Frameworks",
				);
				MARKETING_VERSION = 1.0;
				PRODUCT_BUNDLE_IDENTIFIER = com.vahanmuradyan.WallRise;
				PRODUCT_NAME = "$(TARGET_NAME)";
				SUPPORTED_PLATFORMS = "iphoneos iphonesimulator";
				SUPPORTS_MACCATALYST = NO;
				SUPPORTS_MAC_DESIGNED_FOR_IPHONE_IPAD = NO;
				SUPPORTS_XR_DESIGNED_FOR_IPHONE_IPAD = NO;
				SWIFT_EMIT_LOC_STRINGS = YES;
				SWIFT_VERSION = 5.0;
				TARGETED_DEVICE_FAMILY = 1;
			};
			name = Release;
		};
/* End XCBuildConfiguration section */

/* Begin XCConfigurationList section */
		9C9733412E251EC40081053B /* Build configuration list for PBXProject "WallRise" */ = {
			isa = XCConfigurationList;
			buildConfigurations = (
				9C9733522E251EC50081053B /* Debug */,
				9C9733532E251EC50081053B /* Release */,
			);
			defaultConfigurationIsVisible = 0;
			defaultConfigurationName = Release;
		};
		9C9733542E251EC50081053B /* Build configuration list for PBXNativeTarget "WallRise" */ = {
			isa = XCConfigurationList;
			buildConfigurations = (
				9C9733552E251EC50081053B /* Debug */,
				9C9733562E251EC50081053B /* Release */,
			);
			defaultConfigurationIsVisible = 0;
			defaultConfigurationName = Release;
		};
/* End XCConfigurationList section */
	};
	rootObject = 9C97333E2E251EC40081053B /* Project object */;
}
